
Microsoft Visual Studio Solution File, Format Version 11.00
# Visual Studio 2010
# SharpDevelop 5.1
Project("{FAE04EC0-301F-11D3-BF4B-00C04F79EFBC}") = "LifeDISA", "LifeDISA\LifeDISA.csproj", "{403A45DE-D285-441B-9435-AE62E017AE04}"
EndProject
Project("{FAE04EC0-301F-11D3-BF4B-00C04F79EFBC}") = "TrackDISA", "TrackDISA\TrackDISA.csproj", "{E610A48C-4647-43DF-B7F2-3CCCD18E125B}"
EndProject
Global
	GlobalSection(SolutionConfigurationPlatforms) = preSolution
		Debug|Any CPU = Debug|Any CPU
		Release|Any CPU = Release|Any CPU
	EndGlobalSection
	GlobalSection(ProjectConfigurationPlatforms) = postSolution
		{403A45DE-D285-441B-9435-AE62E017AE04}.Debug|Any CPU.ActiveCfg = Debug|Any CPU
		{403A45DE-D285-441B-9435-AE62E017AE04}.Debug|Any CPU.Build.0 = Debug|Any CPU
		{403A45DE-D285-441B-9435-AE62E017AE04}.Release|Any CPU.ActiveCfg = Release|Any CPU
		{403A45DE-D285-441B-9435-AE62E017AE04}.Release|Any CPU.Build.0 = Release|Any CPU
		{E610A48C-4647-43DF-B7F2-3CCCD18E125B}.Debug|Any CPU.ActiveCfg = Debug|Any CPU
		{E610A48C-4647-43DF-B7F2-3CCCD18E125B}.Debug|Any CPU.Build.0 = Debug|Any CPU
		{E610A48C-4647-43DF-B7F2-3CCCD18E125B}.Release|Any CPU.ActiveCfg = Release|Any CPU
		{E610A48C-4647-43DF-B7F2-3CCCD18E125B}.Release|Any CPU.Build.0 = Release|Any CPU
	EndGlobalSection
EndGlobal
