
Microsoft Visual Studio Solution File, Format Version 12.00
# Visual Studio 2012
# SharpDevelop 5.1
VisualStudioVersion = 12.0.20827.3
MinimumVisualStudioVersion = 10.0.40219.1
Project("{FAE04EC0-301F-11D3-BF4B-00C04F79EFBC}") = "VarsViewer", "VarsViewer\VarsViewer.csproj", "{77C5A435-191F-4ACD-8F61-1474E209E5E1}"
EndProject
Project("{FAE04EC0-301F-11D3-BF4B-00C04F79EFBC}") = "Shared", "..\Shared\Shared.csproj", "{FBF4373D-323C-468C-A2C8-4328ADE61276}"
EndProject
Global
	GlobalSection(SolutionConfigurationPlatforms) = preSolution
		Debug|Any CPU = Debug|Any CPU
		Release|Any CPU = Release|Any CPU
	EndGlobalSection
	GlobalSection(ProjectConfigurationPlatforms) = postSolution
		{77C5A435-191F-4ACD-8F61-1474E209E5E1}.Debug|Any CPU.ActiveCfg = Debug|Any CPU
		{77C5A435-191F-4ACD-8F61-1474E209E5E1}.Debug|Any CPU.Build.0 = Debug|Any CPU
		{77C5A435-191F-4ACD-8F61-1474E209E5E1}.Release|Any CPU.ActiveCfg = Release|Any CPU
		{77C5A435-191F-4ACD-8F61-1474E209E5E1}.Release|Any CPU.Build.0 = Release|Any CPU
		{FBF4373D-323C-468C-A2C8-4328ADE61276}.Debug|Any CPU.ActiveCfg = Debug|Any CPU
		{FBF4373D-323C-468C-A2C8-4328ADE61276}.Debug|Any CPU.Build.0 = Debug|Any CPU
		{FBF4373D-323C-468C-A2C8-4328ADE61276}.Release|Any CPU.ActiveCfg = Release|Any CPU
		{FBF4373D-323C-468C-A2C8-4328ADE61276}.Release|Any CPU.Build.0 = Release|Any CPU
	EndGlobalSection
EndGlobal
